// !$*UTF8*$!
{
	archiveVersion = 1;
	classes = {
	};
	objectVersion = 60;
	objects = {

/* Begin PBXBuildFile section */
		4C8100162C950A4E001BBA9F /* RealityKitContent in Frameworks */ = {isa = PBXBuildFile; productRef = 4C8100152C950A4E001BBA9F /* RealityKitContent */; };
		4C8100182C950A4E001BBA9F /* BiblioApp.swift in Sources */ = {isa = PBXBuildFile; fileRef = 4C8100172C950A4E001BBA9F /* BiblioApp.swift */; };
		4C81001A2C950A4E001BBA9F /* ContentView.swift in Sources */ = {isa = PBXBuildFile; fileRef = 4C8100192C950A4E001BBA9F /* ContentView.swift */; };
		4C81001C2C950A4E001BBA9F /* AppModel.swift in Sources */ = {isa = PBXBuildFile; fileRef = 4C81001B2C950A4E001BBA9F /* AppModel.swift */; };
		4C81001E2C950A4E001BBA9F /* ToggleImmersiveSpaceButton.swift in Sources */ = {isa = PBXBuildFile; fileRef = 4C81001D2C950A4E001BBA9F /* ToggleImmersiveSpaceButton.swift */; };
		4C8100202C950A4E001BBA9F /* ImmersiveView.swift in Sources */ = {isa = PBXBuildFile; fileRef = 4C81001F2C950A4E001BBA9F /* ImmersiveView.swift */; };
		4C8100222C950A4F001BBA9F /* Assets.xcassets in Resources */ = {isa = PBXBuildFile; fileRef = 4C8100212C950A4F001BBA9F /* Assets.xcassets */; };
		4C8100252C950A4F001BBA9F /* Preview Assets.xcassets in Resources */ = {isa = PBXBuildFile; fileRef = 4C8100242C950A4F001BBA9F /* Preview Assets.xcassets */; };
		4C8100302C951E8B001BBA9F /* Book.swift in Sources */ = {isa = PBXBuildFile; fileRef = 4C81002F2C951E8B001BBA9F /* Book.swift */; };
		4C8100322C951EEC001BBA9F /* BookRow.swift in Sources */ = {isa = PBXBuildFile; fileRef = 4C8100312C951EDF001BBA9F /* BookRow.swift */; };
		4C8100382C954CA4001BBA9F /* SampleBooks.swift in Sources */ = {isa = PBXBuildFile; fileRef = 4C8100372C954CA4001BBA9F /* SampleBooks.swift */; };
		4C81003A2C95536D001BBA9F /* sample3.pdf in Resources */ = {isa = PBXBuildFile; fileRef = 4C8100392C95536D001BBA9F /* sample3.pdf */; };
		4C81003C2C955377001BBA9F /* sample1.pdf in Resources */ = {isa = PBXBuildFile; fileRef = 4C81003B2C955377001BBA9F /* sample1.pdf */; };
		4C81003E2C955382001BBA9F /* sample2.epub in Resources */ = {isa = PBXBuildFile; fileRef = 4C81003D2C955382001BBA9F /* sample2.epub */; };
		4C8100402C9553CA001BBA9F /* sample4.epub in Resources */ = {isa = PBXBuildFile; fileRef = 4C81003F2C9553CA001BBA9F /* sample4.epub */; };
		4C8100582C974823001BBA9F /* Constants.swift in Sources */ = {isa = PBXBuildFile; fileRef = 4C8100572C974820001BBA9F /* Constants.swift */; };
		4C81005A2C9749C3001BBA9F /* BooksStore.swift in Sources */ = {isa = PBXBuildFile; fileRef = 4C8100592C9749B4001BBA9F /* BooksStore.swift */; };
		4C81005C2C9749DE001BBA9F /* BooksCardView.swift in Sources */ = {isa = PBXBuildFile; fileRef = 4C81005B2C9749D4001BBA9F /* BooksCardView.swift */; };
		4C81005E2C974AA0001BBA9F /* BooksDetailWindow.swift in Sources */ = {isa = PBXBuildFile; fileRef = 4C81005D2C974A97001BBA9F /* BooksDetailWindow.swift */; };
		4C8100622C974ADF001BBA9F /* EnvironmentKeys.swift in Sources */ = {isa = PBXBuildFile; fileRef = 4C8100612C974AD9001BBA9F /* EnvironmentKeys.swift */; };
		4C8100642C9760FC001BBA9F /* BookDetailView.swift in Sources */ = {isa = PBXBuildFile; fileRef = 4C8100632C9760F8001BBA9F /* BookDetailView.swift */; };
		503678C72C95FB7C00F9ED4F /* PDFKitView.swift in Sources */ = {isa = PBXBuildFile; fileRef = 503678C62C95FB7C00F9ED4F /* PDFKitView.swift */; };
		50612A8A2C97349B00B5EEE5 /* BookDetailViewModel.swift in Sources */ = {isa = PBXBuildFile; fileRef = 50612A892C97349B00B5EEE5 /* BookDetailViewModel.swift */; };
		50612A8C2C97379B00B5EEE5 /* BookServiceProtocol.swift in Sources */ = {isa = PBXBuildFile; fileRef = 50612A8B2C97379B00B5EEE5 /* BookServiceProtocol.swift */; };
		50612A8E2C9737C800B5EEE5 /* PDFBookService.swift in Sources */ = {isa = PBXBuildFile; fileRef = 50612A8D2C9737C800B5EEE5 /* PDFBookService.swift */; };
		50612A902C97387200B5EEE5 /* EPUBBookService.swift in Sources */ = {isa = PBXBuildFile; fileRef = 50612A8F2C97387200B5EEE5 /* EPUBBookService.swift */; };
		50612A922C973A1D00B5EEE5 /* BookService.swift in Sources */ = {isa = PBXBuildFile; fileRef = 50612A912C973A1D00B5EEE5 /* BookService.swift */; };
		50612A942C97431C00B5EEE5 /* Chapters.swift in Sources */ = {isa = PBXBuildFile; fileRef = 50612A932C97431C00B5EEE5 /* Chapters.swift */; };
		50A4F3BA2C958A4D00FCC99F /* BookType.swift in Sources */ = {isa = PBXBuildFile; fileRef = 50A4F3B92C958A4D00FCC99F /* BookType.swift */; };
		50A4F3BD2C958C2400FCC99F /* EPUBKit in Frameworks */ = {isa = PBXBuildFile; productRef = 50A4F3BC2C958C2400FCC99F /* EPUBKit */; };
		50A4F3C12C958D2C00FCC99F /* PDFKitContainerView.swift in Sources */ = {isa = PBXBuildFile; fileRef = 50A4F3C02C958D2C00FCC99F /* PDFKitContainerView.swift */; };
		50A4F3C62C95BAF200FCC99F /* EPUBManager.swift in Sources */ = {isa = PBXBuildFile; fileRef = 50A4F3C52C95BAF200FCC99F /* EPUBManager.swift */; };
		50A4F3CA2C95BB5E00FCC99F /* EPUBKitView.swift in Sources */ = {isa = PBXBuildFile; fileRef = 50A4F3C92C95BB5E00FCC99F /* EPUBKitView.swift */; };
		50A4F3CC2C95DA8800FCC99F /* sample5.pdf in Resources */ = {isa = PBXBuildFile; fileRef = 50A4F3CB2C95DA8800FCC99F /* sample5.pdf */; };
		50D2DE932C96D8BA002BE06E /* LanguageProcessingService.swift in Sources */ = {isa = PBXBuildFile; fileRef = 50D2DE922C96D8BA002BE06E /* LanguageProcessingService.swift */; };
		50D2DE952C96D968002BE06E /* RAGViewModel.swift in Sources */ = {isa = PBXBuildFile; fileRef = 50D2DE942C96D968002BE06E /* RAGViewModel.swift */; };
		50D2DE982C96D9D1002BE06E /* OpenAI in Frameworks */ = {isa = PBXBuildFile; productRef = 50D2DE972C96D9D1002BE06E /* OpenAI */; };
		50D2DE9B2C96D9EF002BE06E /* SVDB in Frameworks */ = {isa = PBXBuildFile; productRef = 50D2DE9A2C96D9EF002BE06E /* SVDB */; };
		50D2DE9D2C96DB05002BE06E /* OpenAIService.swift in Sources */ = {isa = PBXBuildFile; fileRef = 50D2DE9C2C96DB05002BE06E /* OpenAIService.swift */; };
/* End PBXBuildFile section */

/* Begin PBXFileReference section */
		4C8100102C950A4E001BBA9F /* Biblio.app */ = {isa = PBXFileReference; explicitFileType = wrapper.application; includeInIndex = 0; path = Biblio.app; sourceTree = BUILT_PRODUCTS_DIR; };
		4C8100142C950A4E001BBA9F /* RealityKitContent */ = {isa = PBXFileReference; lastKnownFileType = wrapper; path = RealityKitContent; sourceTree = "<group>"; };
		4C8100172C950A4E001BBA9F /* BiblioApp.swift */ = {isa = PBXFileReference; lastKnownFileType = sourcecode.swift; path = BiblioApp.swift; sourceTree = "<group>"; };
		4C8100192C950A4E001BBA9F /* ContentView.swift */ = {isa = PBXFileReference; lastKnownFileType = sourcecode.swift; path = ContentView.swift; sourceTree = "<group>"; };
		4C81001B2C950A4E001BBA9F /* AppModel.swift */ = {isa = PBXFileReference; lastKnownFileType = sourcecode.swift; path = AppModel.swift; sourceTree = "<group>"; };
		4C81001D2C950A4E001BBA9F /* ToggleImmersiveSpaceButton.swift */ = {isa = PBXFileReference; lastKnownFileType = sourcecode.swift; path = ToggleImmersiveSpaceButton.swift; sourceTree = "<group>"; };
		4C81001F2C950A4E001BBA9F /* ImmersiveView.swift */ = {isa = PBXFileReference; lastKnownFileType = sourcecode.swift; path = ImmersiveView.swift; sourceTree = "<group>"; };
		4C8100212C950A4F001BBA9F /* Assets.xcassets */ = {isa = PBXFileReference; lastKnownFileType = folder.assetcatalog; path = Assets.xcassets; sourceTree = "<group>"; };
		4C8100242C950A4F001BBA9F /* Preview Assets.xcassets */ = {isa = PBXFileReference; lastKnownFileType = folder.assetcatalog; path = "Preview Assets.xcassets"; sourceTree = "<group>"; };
		4C8100262C950A4F001BBA9F /* Info.plist */ = {isa = PBXFileReference; lastKnownFileType = text.plist.xml; path = Info.plist; sourceTree = "<group>"; };
		4C81002F2C951E8B001BBA9F /* Book.swift */ = {isa = PBXFileReference; lastKnownFileType = sourcecode.swift; path = Book.swift; sourceTree = "<group>"; };
		4C8100312C951EDF001BBA9F /* BookRow.swift */ = {isa = PBXFileReference; lastKnownFileType = sourcecode.swift; path = BookRow.swift; sourceTree = "<group>"; };
		4C8100332C951F06001BBA9F /* BookDetailView.swift */ = {isa = PBXFileReference; lastKnownFileType = sourcecode.swift; path = BookDetailView.swift; sourceTree = "<group>"; };
		4C8100372C954CA4001BBA9F /* SampleBooks.swift */ = {isa = PBXFileReference; lastKnownFileType = sourcecode.swift; path = SampleBooks.swift; sourceTree = "<group>"; };
		4C8100392C95536D001BBA9F /* sample3.pdf */ = {isa = PBXFileReference; lastKnownFileType = image.pdf; path = sample3.pdf; sourceTree = "<group>"; };
		4C81003B2C955377001BBA9F /* sample1.pdf */ = {isa = PBXFileReference; lastKnownFileType = image.pdf; path = sample1.pdf; sourceTree = "<group>"; };
		4C81003D2C955382001BBA9F /* sample2.epub */ = {isa = PBXFileReference; lastKnownFileType = file; path = sample2.epub; sourceTree = "<group>"; };
		4C81003F2C9553CA001BBA9F /* sample4.epub */ = {isa = PBXFileReference; lastKnownFileType = file; path = sample4.epub; sourceTree = "<group>"; };
		4C8100572C974820001BBA9F /* Constants.swift */ = {isa = PBXFileReference; lastKnownFileType = sourcecode.swift; path = Constants.swift; sourceTree = "<group>"; };
		4C8100592C9749B4001BBA9F /* BooksStore.swift */ = {isa = PBXFileReference; lastKnownFileType = sourcecode.swift; path = BooksStore.swift; sourceTree = "<group>"; };
		4C81005B2C9749D4001BBA9F /* BooksCardView.swift */ = {isa = PBXFileReference; lastKnownFileType = sourcecode.swift; path = BooksCardView.swift; sourceTree = "<group>"; };
		4C81005D2C974A97001BBA9F /* BooksDetailWindow.swift */ = {isa = PBXFileReference; lastKnownFileType = sourcecode.swift; path = BooksDetailWindow.swift; sourceTree = "<group>"; };
		4C8100612C974AD9001BBA9F /* EnvironmentKeys.swift */ = {isa = PBXFileReference; lastKnownFileType = sourcecode.swift; path = EnvironmentKeys.swift; sourceTree = "<group>"; };
		4C8100632C9760F8001BBA9F /* BookDetailView.swift */ = {isa = PBXFileReference; lastKnownFileType = sourcecode.swift; path = BookDetailView.swift; sourceTree = "<group>"; };
		503678C62C95FB7C00F9ED4F /* PDFKitView.swift */ = {isa = PBXFileReference; lastKnownFileType = sourcecode.swift; path = PDFKitView.swift; sourceTree = "<group>"; };
		50612A892C97349B00B5EEE5 /* BookDetailViewModel.swift */ = {isa = PBXFileReference; lastKnownFileType = sourcecode.swift; path = BookDetailViewModel.swift; sourceTree = "<group>"; };
		50612A8B2C97379B00B5EEE5 /* BookServiceProtocol.swift */ = {isa = PBXFileReference; lastKnownFileType = sourcecode.swift; path = BookServiceProtocol.swift; sourceTree = "<group>"; };
		50612A8D2C9737C800B5EEE5 /* PDFBookService.swift */ = {isa = PBXFileReference; lastKnownFileType = sourcecode.swift; path = PDFBookService.swift; sourceTree = "<group>"; };
		50612A8F2C97387200B5EEE5 /* EPUBBookService.swift */ = {isa = PBXFileReference; lastKnownFileType = sourcecode.swift; path = EPUBBookService.swift; sourceTree = "<group>"; };
		50612A912C973A1D00B5EEE5 /* BookService.swift */ = {isa = PBXFileReference; lastKnownFileType = sourcecode.swift; path = BookService.swift; sourceTree = "<group>"; };
		50612A932C97431C00B5EEE5 /* Chapters.swift */ = {isa = PBXFileReference; lastKnownFileType = sourcecode.swift; path = Chapters.swift; sourceTree = "<group>"; };
		50A4F3B92C958A4D00FCC99F /* BookType.swift */ = {isa = PBXFileReference; lastKnownFileType = sourcecode.swift; path = BookType.swift; sourceTree = "<group>"; };
		50A4F3C02C958D2C00FCC99F /* PDFKitContainerView.swift */ = {isa = PBXFileReference; lastKnownFileType = sourcecode.swift; path = PDFKitContainerView.swift; sourceTree = "<group>"; };
		50A4F3C52C95BAF200FCC99F /* EPUBManager.swift */ = {isa = PBXFileReference; lastKnownFileType = sourcecode.swift; path = EPUBManager.swift; sourceTree = "<group>"; };
		50A4F3C92C95BB5E00FCC99F /* EPUBKitView.swift */ = {isa = PBXFileReference; lastKnownFileType = sourcecode.swift; path = EPUBKitView.swift; sourceTree = "<group>"; };
		50A4F3CB2C95DA8800FCC99F /* sample5.pdf */ = {isa = PBXFileReference; lastKnownFileType = image.pdf; path = sample5.pdf; sourceTree = "<group>"; };
		50D2DE922C96D8BA002BE06E /* LanguageProcessingService.swift */ = {isa = PBXFileReference; lastKnownFileType = sourcecode.swift; path = LanguageProcessingService.swift; sourceTree = "<group>"; };
		50D2DE942C96D968002BE06E /* RAGViewModel.swift */ = {isa = PBXFileReference; lastKnownFileType = sourcecode.swift; path = RAGViewModel.swift; sourceTree = "<group>"; };
		50D2DE9C2C96DB05002BE06E /* OpenAIService.swift */ = {isa = PBXFileReference; lastKnownFileType = sourcecode.swift; path = OpenAIService.swift; sourceTree = "<group>"; };
/* End PBXFileReference section */

/* Begin PBXFrameworksBuildPhase section */
		4C81000D2C950A4E001BBA9F /* Frameworks */ = {
			isa = PBXFrameworksBuildPhase;
			buildActionMask = 2147483647;
			files = (
				4C8100162C950A4E001BBA9F /* RealityKitContent in Frameworks */,
				50D2DE982C96D9D1002BE06E /* OpenAI in Frameworks */,
				50A4F3BD2C958C2400FCC99F /* EPUBKit in Frameworks */,
				50D2DE9B2C96D9EF002BE06E /* SVDB in Frameworks */,
			);
			runOnlyForDeploymentPostprocessing = 0;
		};
/* End PBXFrameworksBuildPhase section */

/* Begin PBXGroup section */
		4C8100072C950A4E001BBA9F = {
			isa = PBXGroup;
			children = (
				4C8100122C950A4E001BBA9F /* Biblio */,
				4C8100132C950A4E001BBA9F /* Packages */,
				4C8100112C950A4E001BBA9F /* Products */,
				4C8100562C9747F6001BBA9F /* Recovered References */,
				50612A962C97836F00B5EEE5 /* Frameworks */,
			);
			sourceTree = "<group>";
		};
		4C8100112C950A4E001BBA9F /* Products */ = {
			isa = PBXGroup;
			children = (
				4C8100102C950A4E001BBA9F /* Biblio.app */,
			);
			name = Products;
			sourceTree = "<group>";
		};
		4C8100122C950A4E001BBA9F /* Biblio */ = {
			isa = PBXGroup;
			children = (
				4C81002E2C950D63001BBA9F /* Views */,
				4C81002D2C950CD9001BBA9F /* Models */,
				50D2DE912C96D89B002BE06E /* ViewModels */,
				50D2DE902C96D882002BE06E /* Services */,
				4C8100212C950A4F001BBA9F /* Assets.xcassets */,
				4C81003D2C955382001BBA9F /* sample2.epub */,
				4C81003F2C9553CA001BBA9F /* sample4.epub */,
				50A4F3CB2C95DA8800FCC99F /* sample5.pdf */,
				4C8100392C95536D001BBA9F /* sample3.pdf */,
				4C81003B2C955377001BBA9F /* sample1.pdf */,
				4C8100262C950A4F001BBA9F /* Info.plist */,
				4C8100232C950A4F001BBA9F /* Preview Content */,
			);
			path = Biblio;
			sourceTree = "<group>";
		};
		4C8100132C950A4E001BBA9F /* Packages */ = {
			isa = PBXGroup;
			children = (
				4C8100142C950A4E001BBA9F /* RealityKitContent */,
			);
			path = Packages;
			sourceTree = "<group>";
		};
		4C8100232C950A4F001BBA9F /* Preview Content */ = {
			isa = PBXGroup;
			children = (
				4C8100242C950A4F001BBA9F /* Preview Assets.xcassets */,
			);
			path = "Preview Content";
			sourceTree = "<group>";
		};
		4C81002D2C950CD9001BBA9F /* Models */ = {
			isa = PBXGroup;
			children = (
				4C8100612C974AD9001BBA9F /* EnvironmentKeys.swift */,
				4C8100592C9749B4001BBA9F /* BooksStore.swift */,
				4C81001B2C950A4E001BBA9F /* AppModel.swift */,
				4C8100172C950A4E001BBA9F /* BiblioApp.swift */,
				4C81002F2C951E8B001BBA9F /* Book.swift */,
				50A4F3B92C958A4D00FCC99F /* BookType.swift */,
				4C8100372C954CA4001BBA9F /* SampleBooks.swift */,
				50612A932C97431C00B5EEE5 /* Chapters.swift */,
			);
			path = Models;
			sourceTree = "<group>";
		};
		4C81002E2C950D63001BBA9F /* Views */ = {
			isa = PBXGroup;
			children = (
				50A4F3BF2C958CB700FCC99F /* Screens */,
				50A4F3BE2C958CA200FCC99F /* Components */,
			);
			path = Views;
			sourceTree = "<group>";
		};
		4C8100562C9747F6001BBA9F /* Recovered References */ = {
			isa = PBXGroup;
			children = (
				4C8100332C951F06001BBA9F /* BookDetailView.swift */,
			);
			name = "Recovered References";
			sourceTree = "<group>";
		};
		503678C32C95FAE300F9ED4F /* PDF */ = {
			isa = PBXGroup;
			children = (
				50A4F3C02C958D2C00FCC99F /* PDFKitContainerView.swift */,
				503678C62C95FB7C00F9ED4F /* PDFKitView.swift */,
			);
			path = PDF;
			sourceTree = "<group>";
		};
		50612A962C97836F00B5EEE5 /* Frameworks */ = {
			isa = PBXGroup;
			children = (
			);
			name = Frameworks;
			sourceTree = "<group>";
		};
		50A4F3BE2C958CA200FCC99F /* Components */ = {
			isa = PBXGroup;
			children = (
				503678C32C95FAE300F9ED4F /* PDF */,
				50A4F3C42C95BACA00FCC99F /* EPUB */,
				4C81001D2C950A4E001BBA9F /* ToggleImmersiveSpaceButton.swift */,
				4C8100312C951EDF001BBA9F /* BookRow.swift */,
			);
			path = Components;
			sourceTree = "<group>";
		};
		50A4F3BF2C958CB700FCC99F /* Screens */ = {
			isa = PBXGroup;
			children = (
				4C8100632C9760F8001BBA9F /* BookDetailView.swift */,
				4C81005D2C974A97001BBA9F /* BooksDetailWindow.swift */,
				4C81005B2C9749D4001BBA9F /* BooksCardView.swift */,
				4C8100192C950A4E001BBA9F /* ContentView.swift */,
				4C81001F2C950A4E001BBA9F /* ImmersiveView.swift */,
			);
			path = Screens;
			sourceTree = "<group>";
		};
		50A4F3C42C95BACA00FCC99F /* EPUB */ = {
			isa = PBXGroup;
			children = (
				50A4F3C52C95BAF200FCC99F /* EPUBManager.swift */,
				50A4F3C92C95BB5E00FCC99F /* EPUBKitView.swift */,
			);
			path = EPUB;
			sourceTree = "<group>";
		};
		50D2DE902C96D882002BE06E /* Services */ = {
			isa = PBXGroup;
			children = (
				50D2DE922C96D8BA002BE06E /* LanguageProcessingService.swift */,
				50D2DE9C2C96DB05002BE06E /* OpenAIService.swift */,
				4C8100572C974820001BBA9F /* Constants.swift */,
				50612A8B2C97379B00B5EEE5 /* BookServiceProtocol.swift */,
				50612A8D2C9737C800B5EEE5 /* PDFBookService.swift */,
				50612A8F2C97387200B5EEE5 /* EPUBBookService.swift */,
				50612A912C973A1D00B5EEE5 /* BookService.swift */,
			);
			path = Services;
			sourceTree = "<group>";
		};
		50D2DE912C96D89B002BE06E /* ViewModels */ = {
			isa = PBXGroup;
			children = (
				50D2DE942C96D968002BE06E /* RAGViewModel.swift */,
				50612A892C97349B00B5EEE5 /* BookDetailViewModel.swift */,
			);
			path = ViewModels;
			sourceTree = "<group>";
		};
/* End PBXGroup section */

/* Begin PBXNativeTarget section */
		4C81000F2C950A4E001BBA9F /* Biblio */ = {
			isa = PBXNativeTarget;
			buildConfigurationList = 4C8100292C950A4F001BBA9F /* Build configuration list for PBXNativeTarget "Biblio" */;
			buildPhases = (
				4C81000C2C950A4E001BBA9F /* Sources */,
				4C81000D2C950A4E001BBA9F /* Frameworks */,
				4C81000E2C950A4E001BBA9F /* Resources */,
			);
			buildRules = (
			);
			dependencies = (
			);
			name = Biblio;
			packageProductDependencies = (
				4C8100152C950A4E001BBA9F /* RealityKitContent */,
				50A4F3BC2C958C2400FCC99F /* EPUBKit */,
				50D2DE972C96D9D1002BE06E /* OpenAI */,
				50D2DE9A2C96D9EF002BE06E /* SVDB */,
			);
			productName = Biblio;
			productReference = 4C8100102C950A4E001BBA9F /* Biblio.app */;
			productType = "com.apple.product-type.application";
		};
/* End PBXNativeTarget section */

/* Begin PBXProject section */
		4C8100082C950A4E001BBA9F /* Project object */ = {
			isa = PBXProject;
			attributes = {
				BuildIndependentTargetsInParallel = 1;
				LastSwiftUpdateCheck = 1600;
				LastUpgradeCheck = 1600;
				TargetAttributes = {
					4C81000F2C950A4E001BBA9F = {
						CreatedOnToolsVersion = 16.0;
					};
				};
			};
			buildConfigurationList = 4C81000B2C950A4E001BBA9F /* Build configuration list for PBXProject "Biblio" */;
			compatibilityVersion = "Xcode 15.0";
			developmentRegion = en;
			hasScannedForEncodings = 0;
			knownRegions = (
				en,
				Base,
			);
			mainGroup = 4C8100072C950A4E001BBA9F;
			packageReferences = (
				50A4F3BB2C958C2400FCC99F /* XCRemoteSwiftPackageReference "EPUBKit" */,
				50D2DE962C96D9D1002BE06E /* XCRemoteSwiftPackageReference "OpenAI" */,
				50D2DE992C96D9EF002BE06E /* XCRemoteSwiftPackageReference "SVDB" */,
			);
			productRefGroup = 4C8100112C950A4E001BBA9F /* Products */;
			projectDirPath = "";
			projectRoot = "";
			targets = (
				4C81000F2C950A4E001BBA9F /* Biblio */,
			);
		};
/* End PBXProject section */

/* Begin PBXResourcesBuildPhase section */
		4C81000E2C950A4E001BBA9F /* Resources */ = {
			isa = PBXResourcesBuildPhase;
			buildActionMask = 2147483647;
			files = (
				4C81003C2C955377001BBA9F /* sample1.pdf in Resources */,
				4C81003A2C95536D001BBA9F /* sample3.pdf in Resources */,
				4C8100252C950A4F001BBA9F /* Preview Assets.xcassets in Resources */,
				50A4F3CC2C95DA8800FCC99F /* sample5.pdf in Resources */,
				4C8100222C950A4F001BBA9F /* Assets.xcassets in Resources */,
				4C81003E2C955382001BBA9F /* sample2.epub in Resources */,
				4C8100402C9553CA001BBA9F /* sample4.epub in Resources */,
			);
			runOnlyForDeploymentPostprocessing = 0;
		};
/* End PBXResourcesBuildPhase section */

/* Begin PBXSourcesBuildPhase section */
		4C81000C2C950A4E001BBA9F /* Sources */ = {
			isa = PBXSourcesBuildPhase;
			buildActionMask = 2147483647;
			files = (
				4C8100582C974823001BBA9F /* Constants.swift in Sources */,
				4C81005C2C9749DE001BBA9F /* BooksCardView.swift in Sources */,
				50612A8C2C97379B00B5EEE5 /* BookServiceProtocol.swift in Sources */,
				50612A942C97431C00B5EEE5 /* Chapters.swift in Sources */,
				4C81001E2C950A4E001BBA9F /* ToggleImmersiveSpaceButton.swift in Sources */,
				50A4F3C12C958D2C00FCC99F /* PDFKitContainerView.swift in Sources */,
				4C81001A2C950A4E001BBA9F /* ContentView.swift in Sources */,
				50D2DE9D2C96DB05002BE06E /* OpenAIService.swift in Sources */,
				4C8100302C951E8B001BBA9F /* Book.swift in Sources */,
				50612A902C97387200B5EEE5 /* EPUBBookService.swift in Sources */,
				4C8100382C954CA4001BBA9F /* SampleBooks.swift in Sources */,
				50D2DE952C96D968002BE06E /* RAGViewModel.swift in Sources */,
				4C8100202C950A4E001BBA9F /* ImmersiveView.swift in Sources */,
				503678C72C95FB7C00F9ED4F /* PDFKitView.swift in Sources */,
				4C8100622C974ADF001BBA9F /* EnvironmentKeys.swift in Sources */,
				4C81001C2C950A4E001BBA9F /* AppModel.swift in Sources */,
				4C8100182C950A4E001BBA9F /* BiblioApp.swift in Sources */,
				50A4F3BA2C958A4D00FCC99F /* BookType.swift in Sources */,
				50612A8A2C97349B00B5EEE5 /* BookDetailViewModel.swift in Sources */,
				4C8100322C951EEC001BBA9F /* BookRow.swift in Sources */,
				4C8100642C9760FC001BBA9F /* BookDetailView.swift in Sources */,
				4C81005E2C974AA0001BBA9F /* BooksDetailWindow.swift in Sources */,
				50A4F3C62C95BAF200FCC99F /* EPUBManager.swift in Sources */,
				50612A922C973A1D00B5EEE5 /* BookService.swift in Sources */,
				4C81005A2C9749C3001BBA9F /* BooksStore.swift in Sources */,
				50612A8E2C9737C800B5EEE5 /* PDFBookService.swift in Sources */,
				50D2DE932C96D8BA002BE06E /* LanguageProcessingService.swift in Sources */,
				50A4F3CA2C95BB5E00FCC99F /* EPUBKitView.swift in Sources */,
			);
			runOnlyForDeploymentPostprocessing = 0;
		};
/* End PBXSourcesBuildPhase section */

/* Begin XCBuildConfiguration section */
		4C8100272C950A4F001BBA9F /* Debug */ = {
			isa = XCBuildConfiguration;
			buildSettings = {
				ALWAYS_SEARCH_USER_PATHS = NO;
				ASSETCATALOG_COMPILER_GENERATE_SWIFT_ASSET_SYMBOL_EXTENSIONS = YES;
				CLANG_ANALYZER_NONNULL = YES;
				CLANG_ANALYZER_NUMBER_OBJECT_CONVERSION = YES_AGGRESSIVE;
				CLANG_CXX_LANGUAGE_STANDARD = "gnu++20";
				CLANG_ENABLE_MODULES = YES;
				CLANG_ENABLE_OBJC_ARC = YES;
				CLANG_ENABLE_OBJC_WEAK = YES;
				CLANG_WARN_BLOCK_CAPTURE_AUTORELEASING = YES;
				CLANG_WARN_BOOL_CONVERSION = YES;
				CLANG_WARN_COMMA = YES;
				CLANG_WARN_CONSTANT_CONVERSION = YES;
				CLANG_WARN_DEPRECATED_OBJC_IMPLEMENTATIONS = YES;
				CLANG_WARN_DIRECT_OBJC_ISA_USAGE = YES_ERROR;
				CLANG_WARN_DOCUMENTATION_COMMENTS = YES;
				CLANG_WARN_EMPTY_BODY = YES;
				CLANG_WARN_ENUM_CONVERSION = YES;
				CLANG_WARN_INFINITE_RECURSION = YES;
				CLANG_WARN_INT_CONVERSION = YES;
				CLANG_WARN_NON_LITERAL_NULL_CONVERSION = YES;
				CLANG_WARN_OBJC_IMPLICIT_RETAIN_SELF = YES;
				CLANG_WARN_OBJC_LITERAL_CONVERSION = YES;
				CLANG_WARN_OBJC_ROOT_CLASS = YES_ERROR;
				CLANG_WARN_QUOTED_INCLUDE_IN_FRAMEWORK_HEADER = YES;
				CLANG_WARN_RANGE_LOOP_ANALYSIS = YES;
				CLANG_WARN_STRICT_PROTOTYPES = YES;
				CLANG_WARN_SUSPICIOUS_MOVE = YES;
				CLANG_WARN_UNGUARDED_AVAILABILITY = YES_AGGRESSIVE;
				CLANG_WARN_UNREACHABLE_CODE = YES;
				CLANG_WARN__DUPLICATE_METHOD_MATCH = YES;
				COPY_PHASE_STRIP = NO;
				DEBUG_INFORMATION_FORMAT = dwarf;
				ENABLE_STRICT_OBJC_MSGSEND = YES;
				ENABLE_TESTABILITY = YES;
				ENABLE_USER_SCRIPT_SANDBOXING = YES;
				GCC_C_LANGUAGE_STANDARD = gnu17;
				GCC_DYNAMIC_NO_PIC = NO;
				GCC_NO_COMMON_BLOCKS = YES;
				GCC_OPTIMIZATION_LEVEL = 0;
				GCC_PREPROCESSOR_DEFINITIONS = (
					"DEBUG=1",
					"$(inherited)",
				);
				GCC_WARN_64_TO_32_BIT_CONVERSION = YES;
				GCC_WARN_ABOUT_RETURN_TYPE = YES_ERROR;
				GCC_WARN_UNDECLARED_SELECTOR = YES;
				GCC_WARN_UNINITIALIZED_AUTOS = YES_AGGRESSIVE;
				GCC_WARN_UNUSED_FUNCTION = YES;
				GCC_WARN_UNUSED_VARIABLE = YES;
				LOCALIZATION_PREFERS_STRING_CATALOGS = YES;
				MTL_ENABLE_DEBUG_INFO = INCLUDE_SOURCE;
				MTL_FAST_MATH = YES;
				ONLY_ACTIVE_ARCH = YES;
				SDKROOT = xros;
				SWIFT_ACTIVE_COMPILATION_CONDITIONS = "DEBUG $(inherited)";
				SWIFT_OPTIMIZATION_LEVEL = "-Onone";
				XROS_DEPLOYMENT_TARGET = 2.0;
			};
			name = Debug;
		};
		4C8100282C950A4F001BBA9F /* Release */ = {
			isa = XCBuildConfiguration;
			buildSettings = {
				ALWAYS_SEARCH_USER_PATHS = NO;
				ASSETCATALOG_COMPILER_GENERATE_SWIFT_ASSET_SYMBOL_EXTENSIONS = YES;
				CLANG_ANALYZER_NONNULL = YES;
				CLANG_ANALYZER_NUMBER_OBJECT_CONVERSION = YES_AGGRESSIVE;
				CLANG_CXX_LANGUAGE_STANDARD = "gnu++20";
				CLANG_ENABLE_MODULES = YES;
				CLANG_ENABLE_OBJC_ARC = YES;
				CLANG_ENABLE_OBJC_WEAK = YES;
				CLANG_WARN_BLOCK_CAPTURE_AUTORELEASING = YES;
				CLANG_WARN_BOOL_CONVERSION = YES;
				CLANG_WARN_COMMA = YES;
				CLANG_WARN_CONSTANT_CONVERSION = YES;
				CLANG_WARN_DEPRECATED_OBJC_IMPLEMENTATIONS = YES;
				CLANG_WARN_DIRECT_OBJC_ISA_USAGE = YES_ERROR;
				CLANG_WARN_DOCUMENTATION_COMMENTS = YES;
				CLANG_WARN_EMPTY_BODY = YES;
				CLANG_WARN_ENUM_CONVERSION = YES;
				CLANG_WARN_INFINITE_RECURSION = YES;
				CLANG_WARN_INT_CONVERSION = YES;
				CLANG_WARN_NON_LITERAL_NULL_CONVERSION = YES;
				CLANG_WARN_OBJC_IMPLICIT_RETAIN_SELF = YES;
				CLANG_WARN_OBJC_LITERAL_CONVERSION = YES;
				CLANG_WARN_OBJC_ROOT_CLASS = YES_ERROR;
				CLANG_WARN_QUOTED_INCLUDE_IN_FRAMEWORK_HEADER = YES;
				CLANG_WARN_RANGE_LOOP_ANALYSIS = YES;
				CLANG_WARN_STRICT_PROTOTYPES = YES;
				CLANG_WARN_SUSPICIOUS_MOVE = YES;
				CLANG_WARN_UNGUARDED_AVAILABILITY = YES_AGGRESSIVE;
				CLANG_WARN_UNREACHABLE_CODE = YES;
				CLANG_WARN__DUPLICATE_METHOD_MATCH = YES;
				COPY_PHASE_STRIP = NO;
				DEBUG_INFORMATION_FORMAT = "dwarf-with-dsym";
				ENABLE_NS_ASSERTIONS = NO;
				ENABLE_STRICT_OBJC_MSGSEND = YES;
				ENABLE_USER_SCRIPT_SANDBOXING = YES;
				GCC_C_LANGUAGE_STANDARD = gnu17;
				GCC_NO_COMMON_BLOCKS = YES;
				GCC_WARN_64_TO_32_BIT_CONVERSION = YES;
				GCC_WARN_ABOUT_RETURN_TYPE = YES_ERROR;
				GCC_WARN_UNDECLARED_SELECTOR = YES;
				GCC_WARN_UNINITIALIZED_AUTOS = YES_AGGRESSIVE;
				GCC_WARN_UNUSED_FUNCTION = YES;
				GCC_WARN_UNUSED_VARIABLE = YES;
				LOCALIZATION_PREFERS_STRING_CATALOGS = YES;
				MTL_ENABLE_DEBUG_INFO = NO;
				MTL_FAST_MATH = YES;
				SDKROOT = xros;
				SWIFT_COMPILATION_MODE = wholemodule;
				VALIDATE_PRODUCT = YES;
				XROS_DEPLOYMENT_TARGET = 2.0;
			};
			name = Release;
		};
		4C81002A2C950A4F001BBA9F /* Debug */ = {
			isa = XCBuildConfiguration;
			buildSettings = {
				ASSETCATALOG_COMPILER_APPICON_NAME = AppIcon;
				ASSETCATALOG_COMPILER_GLOBAL_ACCENT_COLOR_NAME = AccentColor;
				CODE_SIGN_STYLE = Automatic;
				CURRENT_PROJECT_VERSION = 1;
				DEVELOPMENT_ASSET_PATHS = "\"Biblio/Preview Content\"";
				DEVELOPMENT_TEAM = ZB5WA6672J;
				ENABLE_PREVIEWS = YES;
				GENERATE_INFOPLIST_FILE = YES;
				INFOPLIST_FILE = "$(TARGET_NAME)/Info.plist";
				LD_RUNPATH_SEARCH_PATHS = (
					"$(inherited)",
					"@executable_path/Frameworks",
				);
				MARKETING_VERSION = 1.0;
				PRODUCT_BUNDLE_IDENTIFIER = com.dezblair.Biblio;
				PRODUCT_NAME = "$(TARGET_NAME)";
				SUPPORTED_PLATFORMS = "xros xrsimulator";
				SWIFT_EMIT_LOC_STRINGS = YES;
				SWIFT_VERSION = 5.0;
				TARGETED_DEVICE_FAMILY = 7;
			};
			name = Debug;
		};
		4C81002B2C950A4F001BBA9F /* Release */ = {
			isa = XCBuildConfiguration;
			buildSettings = {
				ASSETCATALOG_COMPILER_APPICON_NAME = AppIcon;
				ASSETCATALOG_COMPILER_GLOBAL_ACCENT_COLOR_NAME = AccentColor;
				CODE_SIGN_STYLE = Automatic;
				CURRENT_PROJECT_VERSION = 1;
				DEVELOPMENT_ASSET_PATHS = "\"Biblio/Preview Content\"";
				DEVELOPMENT_TEAM = ZB5WA6672J;
				ENABLE_PREVIEWS = YES;
				GENERATE_INFOPLIST_FILE = YES;
				INFOPLIST_FILE = "$(TARGET_NAME)/Info.plist";
				LD_RUNPATH_SEARCH_PATHS = (
					"$(inherited)",
					"@executable_path/Frameworks",
				);
				MARKETING_VERSION = 1.0;
				PRODUCT_BUNDLE_IDENTIFIER = com.dezblair.Biblio;
				PRODUCT_NAME = "$(TARGET_NAME)";
				SUPPORTED_PLATFORMS = "xros xrsimulator";
				SWIFT_EMIT_LOC_STRINGS = YES;
				SWIFT_VERSION = 5.0;
				TARGETED_DEVICE_FAMILY = 7;
			};
			name = Release;
		};
/* End XCBuildConfiguration section */

/* Begin XCConfigurationList section */
		4C81000B2C950A4E001BBA9F /* Build configuration list for PBXProject "Biblio" */ = {
			isa = XCConfigurationList;
			buildConfigurations = (
				4C8100272C950A4F001BBA9F /* Debug */,
				4C8100282C950A4F001BBA9F /* Release */,
			);
			defaultConfigurationIsVisible = 0;
			defaultConfigurationName = Release;
		};
		4C8100292C950A4F001BBA9F /* Build configuration list for PBXNativeTarget "Biblio" */ = {
			isa = XCConfigurationList;
			buildConfigurations = (
				4C81002A2C950A4F001BBA9F /* Debug */,
				4C81002B2C950A4F001BBA9F /* Release */,
			);
			defaultConfigurationIsVisible = 0;
			defaultConfigurationName = Release;
		};
/* End XCConfigurationList section */

/* Begin XCRemoteSwiftPackageReference section */
		50A4F3BB2C958C2400FCC99F /* XCRemoteSwiftPackageReference "EPUBKit" */ = {
			isa = XCRemoteSwiftPackageReference;
			repositoryURL = "https://github.com/witekbobrowski/EPUBKit";
			requirement = {
				kind = upToNextMajorVersion;
				minimumVersion = 0.4.0;
			};
		};
		50D2DE962C96D9D1002BE06E /* XCRemoteSwiftPackageReference "OpenAI" */ = {
			isa = XCRemoteSwiftPackageReference;
			repositoryURL = "https://github.com/MacPaw/OpenAI.git";
			requirement = {
				kind = upToNextMajorVersion;
				minimumVersion = 0.3.0;
			};
		};
		50D2DE992C96D9EF002BE06E /* XCRemoteSwiftPackageReference "SVDB" */ = {
			isa = XCRemoteSwiftPackageReference;
			repositoryURL = "https://github.com/Dripfarm/SVDB";
			requirement = {
				kind = upToNextMajorVersion;
				minimumVersion = 2.0.0;
			};
		};
/* End XCRemoteSwiftPackageReference section */

/* Begin XCSwiftPackageProductDependency section */
		4C8100152C950A4E001BBA9F /* RealityKitContent */ = {
			isa = XCSwiftPackageProductDependency;
			productName = RealityKitContent;
		};
		50A4F3BC2C958C2400FCC99F /* EPUBKit */ = {
			isa = XCSwiftPackageProductDependency;
			package = 50A4F3BB2C958C2400FCC99F /* XCRemoteSwiftPackageReference "EPUBKit" */;
			productName = EPUBKit;
		};
		50D2DE972C96D9D1002BE06E /* OpenAI */ = {
			isa = XCSwiftPackageProductDependency;
			package = 50D2DE962C96D9D1002BE06E /* XCRemoteSwiftPackageReference "OpenAI" */;
			productName = OpenAI;
		};
		50D2DE9A2C96D9EF002BE06E /* SVDB */ = {
			isa = XCSwiftPackageProductDependency;
			package = 50D2DE992C96D9EF002BE06E /* XCRemoteSwiftPackageReference "SVDB" */;
			productName = SVDB;
		};
/* End XCSwiftPackageProductDependency section */
	};
	rootObject = 4C8100082C950A4E001BBA9F /* Project object */;
}
