{
  "originHash" : "7885de002939bed68b89d65ea828f47137d9c6e2f3e95ab7e6a0e1363cb0c338",
  "pins" : [
    {
      "identity" : "aexml",
      "kind" : "remoteSourceControl",
      "location" : "https://github.com/tadija/AEXML",
      "state" : {
        "revision" : "db806756c989760b35108146381535aec231092b",
        "version" : "4.7.0"
      }
    },
    {
      "identity" : "epubkit",
      "kind" : "remoteSourceControl",
      "location" : "https://github.com/witekbobrowski/EPUBKit",
      "state" : {
        "revision" : "c8148577adc407ab1d4fcd45ceb58b54fb96b344",
        "version" : "0.4.0"
      }
    },
    {
      "identity" : "openai",
      "kind" : "remoteSourceControl",
      "location" : "https://github.com/MacPaw/OpenAI.git",
      "state" : {
        "revision" : "843e087929aa806adb611dbca93f9a4a7f28be04",
        "version" : "0.3.0"
      }
    },
    {
      "identity" : "svdb",
      "kind" : "remoteSourceControl",
      "location" : "https://github.com/Dripfarm/SVDB",
      "state" : {
        "revision" : "01e78b8bb9423e40201db450180f731c9a67c554",
        "version" : "2.0.0"
      }
    },
    {
      "identity" : "zip",
      "kind" : "remoteSourceControl",
      "location" : "https://github.com/marmelroy/Zip",
      "state" : {
        "revision" : "67fa55813b9e7b3b9acee9c0ae501def28746d76",
        "version" : "2.1.2"
      }
    }
  ],
  "version" : 3
}
